// !$*UTF8*$!
{
	archiveVersion = 1;
	classes = {
	};
	objectVersion = 46;
	objects = {

/* Begin PBXBuildFile section */
		6287A06A1D0EF01000A63AD1 /* AppDelegate.swift in Sources */ = {isa = PBXBuildFile; fileRef = 6287A0691D0EF01000A63AD1 /* AppDelegate.swift */; };
		6287A06C1D0EF01000A63AD1 /* ViewController.swift in Sources */ = {isa = PBXBuildFile; fileRef = 6287A06B1D0EF01000A63AD1 /* ViewController.swift */; };
		6287A06F1D0EF01000A63AD1 /* Main.storyboard in Resources */ = {isa = PBXBuildFile; fileRef = 6287A06D1D0EF01000A63AD1 /* Main.storyboard */; };
		6287A0711D0EF01000A63AD1 /* Assets.xcassets in Resources */ = {isa = PBXBuildFile; fileRef = 6287A0701D0EF01000A63AD1 /* Assets.xcassets */; };
		6287A0741D0EF01000A63AD1 /* LaunchScreen.storyboard in Resources */ = {isa = PBXBuildFile; fileRef = 6287A0721D0EF01000A63AD1 /* LaunchScreen.storyboard */; };
		6287A07F1D0EF01000A63AD1 /* Click_CounterTests.swift in Sources */ = {isa = PBXBuildFile; fileRef = 6287A07E1D0EF01000A63AD1 /* Click_CounterTests.swift */; };
		6287A08A1D0EF01000A63AD1 /* Click_CounterUITests.swift in Sources */ = {isa = PBXBuildFile; fileRef = 6287A0891D0EF01000A63AD1 /* Click_CounterUITests.swift */; };
/* End PBXBuildFile section */

/* Begin PBXContainerItemProxy section */
		6287A07B1D0EF01000A63AD1 /* PBXContainerItemProxy */ = {
			isa = PBXContainerItemProxy;
			containerPortal = 6287A05E1D0EF01000A63AD1 /* Project object */;
			proxyType = 1;
			remoteGlobalIDString = 6287A0651D0EF01000A63AD1;
			remoteInfo = "Click Counter";
		};
		6287A0861D0EF01000A63AD1 /* PBXContainerItemProxy */ = {
			isa = PBXContainerItemProxy;
			containerPortal = 6287A05E1D0EF01000A63AD1 /* Project object */;
			proxyType = 1;
			remoteGlobalIDString = 6287A0651D0EF01000A63AD1;
			remoteInfo = "Click Counter";
		};
/* End PBXContainerItemProxy section */

/* Begin PBXFileReference section */
		6287A0661D0EF01000A63AD1 /* Click Counter.app */ = {isa = PBXFileReference; explicitFileType = wrapper.application; includeInIndex = 0; path = "Click Counter.app"; sourceTree = BUILT_PRODUCTS_DIR; };
		6287A0691D0EF01000A63AD1 /* AppDelegate.swift */ = {isa = PBXFileReference; lastKnownFileType = sourcecode.swift; path = AppDelegate.swift; sourceTree = "<group>"; };
		6287A06B1D0EF01000A63AD1 /* ViewController.swift */ = {isa = PBXFileReference; lastKnownFileType = sourcecode.swift; path = ViewController.swift; sourceTree = "<group>"; };
		6287A06E1D0EF01000A63AD1 /* Base */ = {isa = PBXFileReference; lastKnownFileType = file.storyboard; name = Base; path = Base.lproj/Main.storyboard; sourceTree = "<group>"; };
		6287A0701D0EF01000A63AD1 /* Assets.xcassets */ = {isa = PBXFileReference; lastKnownFileType = folder.assetcatalog; path = Assets.xcassets; sourceTree = "<group>"; };
		6287A0731D0EF01000A63AD1 /* Base */ = {isa = PBXFileReference; lastKnownFileType = file.storyboard; name = Base; path = Base.lproj/LaunchScreen.storyboard; sourceTree = "<group>"; };
		6287A0751D0EF01000A63AD1 /* Info.plist */ = {isa = PBXFileReference; lastKnownFileType = text.plist.xml; path = Info.plist; sourceTree = "<group>"; };
		6287A07A1D0EF01000A63AD1 /* Click CounterTests.xctest */ = {isa = PBXFileReference; explicitFileType = wrapper.cfbundle; includeInIndex = 0; path = "Click CounterTests.xctest"; sourceTree = BUILT_PRODUCTS_DIR; };
		6287A07E1D0EF01000A63AD1 /* Click_CounterTests.swift */ = {isa = PBXFileReference; lastKnownFileType = sourcecode.swift; path = Click_CounterTests.swift; sourceTree = "<group>"; };
		6287A0801D0EF01000A63AD1 /* Info.plist */ = {isa = PBXFileReference; lastKnownFileType = text.plist.xml; path = Info.plist; sourceTree = "<group>"; };
		6287A0851D0EF01000A63AD1 /* Click CounterUITests.xctest */ = {isa = PBXFileReference; explicitFileType = wrapper.cfbundle; includeInIndex = 0; path = "Click CounterUITests.xctest"; sourceTree = BUILT_PRODUCTS_DIR; };
		6287A0891D0EF01000A63AD1 /* Click_CounterUITests.swift */ = {isa = PBXFileReference; lastKnownFileType = sourcecode.swift; path = Click_CounterUITests.swift; sourceTree = "<group>"; };
		6287A08B1D0EF01000A63AD1 /* Info.plist */ = {isa = PBXFileReference; lastKnownFileType = text.plist.xml; path = Info.plist; sourceTree = "<group>"; };
/* End PBXFileReference section */

/* Begin PBXFrameworksBuildPhase section */
		6287A0631D0EF01000A63AD1 /* Frameworks */ = {
			isa = PBXFrameworksBuildPhase;
			buildActionMask = 2147483647;
			files = (
			);
			runOnlyForDeploymentPostprocessing = 0;
		};
		6287A0771D0EF01000A63AD1 /* Frameworks */ = {
			isa = PBXFrameworksBuildPhase;
			buildActionMask = 2147483647;
			files = (
			);
			runOnlyForDeploymentPostprocessing = 0;
		};
		6287A0821D0EF01000A63AD1 /* Frameworks */ = {
			isa = PBXFrameworksBuildPhase;
			buildActionMask = 2147483647;
			files = (
			);
			runOnlyForDeploymentPostprocessing = 0;
		};
/* End PBXFrameworksBuildPhase section */

/* Begin PBXGroup section */
		6287A05D1D0EF01000A63AD1 = {
			isa = PBXGroup;
			children = (
				6287A0681D0EF01000A63AD1 /* Click Counter */,
				6287A07D1D0EF01000A63AD1 /* Click CounterTests */,
				6287A0881D0EF01000A63AD1 /* Click CounterUITests */,
				6287A0671D0EF01000A63AD1 /* Products */,
			);
			sourceTree = "<group>";
		};
		6287A0671D0EF01000A63AD1 /* Products */ = {
			isa = PBXGroup;
			children = (
				6287A0661D0EF01000A63AD1 /* Click Counter.app */,
				6287A07A1D0EF01000A63AD1 /* Click CounterTests.xctest */,
				6287A0851D0EF01000A63AD1 /* Click CounterUITests.xctest */,
			);
			name = Products;
			sourceTree = "<group>";
		};
		6287A0681D0EF01000A63AD1 /* Click Counter */ = {
			isa = PBXGroup;
			children = (
				6287A0691D0EF01000A63AD1 /* AppDelegate.swift */,
				6287A06B1D0EF01000A63AD1 /* ViewController.swift */,
				6287A06D1D0EF01000A63AD1 /* Main.storyboard */,
				6287A0701D0EF01000A63AD1 /* Assets.xcassets */,
				6287A0721D0EF01000A63AD1 /* LaunchScreen.storyboard */,
				6287A0751D0EF01000A63AD1 /* Info.plist */,
			);
			path = "Click Counter";
			sourceTree = "<group>";
		};
		6287A07D1D0EF01000A63AD1 /* Click CounterTests */ = {
			isa = PBXGroup;
			children = (
				6287A07E1D0EF01000A63AD1 /* Click_CounterTests.swift */,
				6287A0801D0EF01000A63AD1 /* Info.plist */,
			);
			path = "Click CounterTests";
			sourceTree = "<group>";
		};
		6287A0881D0EF01000A63AD1 /* Click CounterUITests */ = {
			isa = PBXGroup;
			children = (
				6287A0891D0EF01000A63AD1 /* Click_CounterUITests.swift */,
				6287A08B1D0EF01000A63AD1 /* Info.plist */,
			);
			path = "Click CounterUITests";
			sourceTree = "<group>";
		};
/* End PBXGroup section */

/* Begin PBXNativeTarget section */
		6287A0651D0EF01000A63AD1 /* Click Counter */ = {
			isa = PBXNativeTarget;
			buildConfigurationList = 6287A08E1D0EF01000A63AD1 /* Build configuration list for PBXNativeTarget "Click Counter" */;
			buildPhases = (
				6287A0621D0EF01000A63AD1 /* Sources */,
				6287A0631D0EF01000A63AD1 /* Frameworks */,
				6287A0641D0EF01000A63AD1 /* Resources */,
			);
			buildRules = (
			);
			dependencies = (
			);
			name = "Click Counter";
			productName = "Click Counter";
			productReference = 6287A0661D0EF01000A63AD1 /* Click Counter.app */;
			productType = "com.apple.product-type.application";
		};
		6287A0791D0EF01000A63AD1 /* Click CounterTests */ = {
			isa = PBXNativeTarget;
			buildConfigurationList = 6287A0911D0EF01000A63AD1 /* Build configuration list for PBXNativeTarget "Click CounterTests" */;
			buildPhases = (
				6287A0761D0EF01000A63AD1 /* Sources */,
				6287A0771D0EF01000A63AD1 /* Frameworks */,
				6287A0781D0EF01000A63AD1 /* Resources */,
			);
			buildRules = (
			);
			dependencies = (
				6287A07C1D0EF01000A63AD1 /* PBXTargetDependency */,
			);
			name = "Click CounterTests";
			productName = "Click CounterTests";
			productReference = 6287A07A1D0EF01000A63AD1 /* Click CounterTests.xctest */;
			productType = "com.apple.product-type.bundle.unit-test";
		};
		6287A0841D0EF01000A63AD1 /* Click CounterUITests */ = {
			isa = PBXNativeTarget;
			buildConfigurationList = 6287A0941D0EF01000A63AD1 /* Build configuration list for PBXNativeTarget "Click CounterUITests" */;
			buildPhases = (
				6287A0811D0EF01000A63AD1 /* Sources */,
				6287A0821D0EF01000A63AD1 /* Frameworks */,
				6287A0831D0EF01000A63AD1 /* Resources */,
			);
			buildRules = (
			);
			dependencies = (
				6287A0871D0EF01000A63AD1 /* PBXTargetDependency */,
			);
			name = "Click CounterUITests";
			productName = "Click CounterUITests";
			productReference = 6287A0851D0EF01000A63AD1 /* Click CounterUITests.xctest */;
			productType = "com.apple.product-type.bundle.ui-testing";
		};
/* End PBXNativeTarget section */

/* Begin PBXProject section */
		6287A05E1D0EF01000A63AD1 /* Project object */ = {
			isa = PBXProject;
			attributes = {
				LastUpgradeCheck = 0700;
				ORGANIZATIONNAME = "Rustam Eynaliyev";
				TargetAttributes = {
					6287A0651D0EF01000A63AD1 = {
						CreatedOnToolsVersion = 7.0;
					};
					6287A0791D0EF01000A63AD1 = {
						CreatedOnToolsVersion = 7.0;
						TestTargetID = 6287A0651D0EF01000A63AD1;
					};
					6287A0841D0EF01000A63AD1 = {
						CreatedOnToolsVersion = 7.0;
						TestTargetID = 6287A0651D0EF01000A63AD1;
					};
				};
			};
			buildConfigurationList = 6287A0611D0EF01000A63AD1 /* Build configuration list for PBXProject "Click Counter" */;
			compatibilityVersion = "Xcode 3.2";
			developmentRegion = English;
			hasScannedForEncodings = 0;
			knownRegions = (
				en,
				Base,
			);
			mainGroup = 6287A05D1D0EF01000A63AD1;
			productRefGroup = 6287A0671D0EF01000A63AD1 /* Products */;
			projectDirPath = "";
			projectRoot = "";
			targets = (
				6287A0651D0EF01000A63AD1 /* Click Counter */,
				6287A0791D0EF01000A63AD1 /* Click CounterTests */,
				6287A0841D0EF01000A63AD1 /* Click CounterUITests */,
			);
		};
/* End PBXProject section */

/* Begin PBXResourcesBuildPhase section */
		6287A0641D0EF01000A63AD1 /* Resources */ = {
			isa = PBXResourcesBuildPhase;
			buildActionMask = 2147483647;
			files = (
				6287A0741D0EF01000A63AD1 /* LaunchScreen.storyboard in Resources */,
				6287A0711D0EF01000A63AD1 /* Assets.xcassets in Resources */,
				6287A06F1D0EF01000A63AD1 /* Main.storyboard in Resources */,
			);
			runOnlyForDeploymentPostprocessing = 0;
		};
		6287A0781D0EF01000A63AD1 /* Resources */ = {
			isa = PBXResourcesBuildPhase;
			buildActionMask = 2147483647;
			files = (
			);
			runOnlyForDeploymentPostprocessing = 0;
		};
		6287A0831D0EF01000A63AD1 /* Resources */ = {
			isa = PBXResourcesBuildPhase;
			buildActionMask = 2147483647;
			files = (
			);
			runOnlyForDeploymentPostprocessing = 0;
		};
/* End PBXResourcesBuildPhase section */

/* Begin PBXSourcesBuildPhase section */
		6287A0621D0EF01000A63AD1 /* Sources */ = {
			isa = PBXSourcesBuildPhase;
			buildActionMask = 2147483647;
			files = (
				6287A06C1D0EF01000A63AD1 /* ViewController.swift in Sources */,
				6287A06A1D0EF01000A63AD1 /* AppDelegate.swift in Sources */,
			);
			runOnlyForDeploymentPostprocessing = 0;
		};
		6287A0761D0EF01000A63AD1 /* Sources */ = {
			isa = PBXSourcesBuildPhase;
			buildActionMask = 2147483647;
			files = (
				6287A07F1D0EF01000A63AD1 /* Click_CounterTests.swift in Sources */,
			);
			runOnlyForDeploymentPostprocessing = 0;
		};
		6287A0811D0EF01000A63AD1 /* Sources */ = {
			isa = PBXSourcesBuildPhase;
			buildActionMask = 2147483647;
			files = (
				6287A08A1D0EF01000A63AD1 /* Click_CounterUITests.swift in Sources */,
			);
			runOnlyForDeploymentPostprocessing = 0;
		};
/* End PBXSourcesBuildPhase section */

/* Begin PBXTargetDependency section */
		6287A07C1D0EF01000A63AD1 /* PBXTargetDependency */ = {
			isa = PBXTargetDependency;
			target = 6287A0651D0EF01000A63AD1 /* Click Counter */;
			targetProxy = 6287A07B1D0EF01000A63AD1 /* PBXContainerItemProxy */;
		};
		6287A0871D0EF01000A63AD1 /* PBXTargetDependency */ = {
			isa = PBXTargetDependency;
			target = 6287A0651D0EF01000A63AD1 /* Click Counter */;
			targetProxy = 6287A0861D0EF01000A63AD1 /* PBXContainerItemProxy */;
		};
/* End PBXTargetDependency section */

/* Begin PBXVariantGroup section */
		6287A06D1D0EF01000A63AD1 /* Main.storyboard */ = {
			isa = PBXVariantGroup;
			children = (
				6287A06E1D0EF01000A63AD1 /* Base */,
			);
			name = Main.storyboard;
			sourceTree = "<group>";
		};
		6287A0721D0EF01000A63AD1 /* LaunchScreen.storyboard */ = {
			isa = PBXVariantGroup;
			children = (
				6287A0731D0EF01000A63AD1 /* Base */,
			);
			name = LaunchScreen.storyboard;
			sourceTree = "<group>";
		};
/* End PBXVariantGroup section */

/* Begin XCBuildConfiguration section */
		6287A08C1D0EF01000A63AD1 /* Debug */ = {
			isa = XCBuildConfiguration;
			buildSettings = {
				ALWAYS_SEARCH_USER_PATHS = NO;
				CLANG_CXX_LANGUAGE_STANDARD = "gnu++0x";
				CLANG_CXX_LIBRARY = "libc++";
				CLANG_ENABLE_MODULES = YES;
				CLANG_ENABLE_OBJC_ARC = YES;
				CLANG_WARN_BOOL_CONVERSION = YES;
				CLANG_WARN_CONSTANT_CONVERSION = YES;
				CLANG_WARN_DIRECT_OBJC_ISA_USAGE = YES_ERROR;
				CLANG_WARN_EMPTY_BODY = YES;
				CLANG_WARN_ENUM_CONVERSION = YES;
				CLANG_WARN_INT_CONVERSION = YES;
				CLANG_WARN_OBJC_ROOT_CLASS = YES_ERROR;
				CLANG_WARN_UNREACHABLE_CODE = YES;
				CLANG_WARN__DUPLICATE_METHOD_MATCH = YES;
				"CODE_SIGN_IDENTITY[sdk=iphoneos*]" = "iPhone Developer";
				COPY_PHASE_STRIP = NO;
				DEBUG_INFORMATION_FORMAT = dwarf;
				ENABLE_STRICT_OBJC_MSGSEND = YES;
				ENABLE_TESTABILITY = YES;
				GCC_C_LANGUAGE_STANDARD = gnu99;
				GCC_DYNAMIC_NO_PIC = NO;
				GCC_NO_COMMON_BLOCKS = YES;
				GCC_OPTIMIZATION_LEVEL = 0;
				GCC_PREPROCESSOR_DEFINITIONS = (
					"DEBUG=1",
					"$(inherited)",
				);
				GCC_WARN_64_TO_32_BIT_CONVERSION = YES;
				GCC_WARN_ABOUT_RETURN_TYPE = YES_ERROR;
				GCC_WARN_UNDECLARED_SELECTOR = YES;
				GCC_WARN_UNINITIALIZED_AUTOS = YES_AGGRESSIVE;
				GCC_WARN_UNUSED_FUNCTION = YES;
				GCC_WARN_UNUSED_VARIABLE = YES;
				IPHONEOS_DEPLOYMENT_TARGET = 9.0;
				MTL_ENABLE_DEBUG_INFO = YES;
				ONLY_ACTIVE_ARCH = YES;
				SDKROOT = iphoneos;
				SWIFT_OPTIMIZATION_LEVEL = "-Onone";
			};
			name = Debug;
		};
		6287A08D1D0EF01000A63AD1 /* Release */ = {
			isa = XCBuildConfiguration;
			buildSettings = {
				ALWAYS_SEARCH_USER_PATHS = NO;
				CLANG_CXX_LANGUAGE_STANDARD = "gnu++0x";
				CLANG_CXX_LIBRARY = "libc++";
				CLANG_ENABLE_MODULES = YES;
				CLANG_ENABLE_OBJC_ARC = YES;
				CLANG_WARN_BOOL_CONVERSION = YES;
				CLANG_WARN_CONSTANT_CONVERSION = YES;
				CLANG_WARN_DIRECT_OBJC_ISA_USAGE = YES_ERROR;
				CLANG_WARN_EMPTY_BODY = YES;
				CLANG_WARN_ENUM_CONVERSION = YES;
				CLANG_WARN_INT_CONVERSION = YES;
				CLANG_WARN_OBJC_ROOT_CLASS = YES_ERROR;
				CLANG_WARN_UNREACHABLE_CODE = YES;
				CLANG_WARN__DUPLICATE_METHOD_MATCH = YES;
				"CODE_SIGN_IDENTITY[sdk=iphoneos*]" = "iPhone Developer";
				COPY_PHASE_STRIP = NO;
				DEBUG_INFORMATION_FORMAT = "dwarf-with-dsym";
				ENABLE_NS_ASSERTIONS = NO;
				ENABLE_STRICT_OBJC_MSGSEND = YES;
				GCC_C_LANGUAGE_STANDARD = gnu99;
				GCC_NO_COMMON_BLOCKS = YES;
				GCC_WARN_64_TO_32_BIT_CONVERSION = YES;
				GCC_WARN_ABOUT_RETURN_TYPE = YES_ERROR;
				GCC_WARN_UNDECLARED_SELECTOR = YES;
				GCC_WARN_UNINITIALIZED_AUTOS = YES_AGGRESSIVE;
				GCC_WARN_UNUSED_FUNCTION = YES;
				GCC_WARN_UNUSED_VARIABLE = YES;
				IPHONEOS_DEPLOYMENT_TARGET = 9.0;
				MTL_ENABLE_DEBUG_INFO = NO;
				SDKROOT = iphoneos;
				VALIDATE_PRODUCT = YES;
			};
			name = Release;
		};
		6287A08F1D0EF01000A63AD1 /* Debug */ = {
			isa = XCBuildConfiguration;
			buildSettings = {
				ASSETCATALOG_COMPILER_APPICON_NAME = AppIcon;
				INFOPLIST_FILE = "Click Counter/Info.plist";
				LD_RUNPATH_SEARCH_PATHS = "$(inherited) @executable_path/Frameworks";
				PRODUCT_BUNDLE_IDENTIFIER = "com.eynaliyev.Click-Counter";
				PRODUCT_NAME = "$(TARGET_NAME)";
			};
			name = Debug;
		};
		6287A0901D0EF01000A63AD1 /* Release */ = {
			isa = XCBuildConfiguration;
			buildSettings = {
				ASSETCATALOG_COMPILER_APPICON_NAME = AppIcon;
				INFOPLIST_FILE = "Click Counter/Info.plist";
				LD_RUNPATH_SEARCH_PATHS = "$(inherited) @executable_path/Frameworks";
				PRODUCT_BUNDLE_IDENTIFIER = "com.eynaliyev.Click-Counter";
				PRODUCT_NAME = "$(TARGET_NAME)";
			};
			name = Release;
		};
		6287A0921D0EF01000A63AD1 /* Debug */ = {
			isa = XCBuildConfiguration;
			buildSettings = {
				BUNDLE_LOADER = "$(TEST_HOST)";
				INFOPLIST_FILE = "Click CounterTests/Info.plist";
				LD_RUNPATH_SEARCH_PATHS = "$(inherited) @executable_path/Frameworks @loader_path/Frameworks";
				PRODUCT_BUNDLE_IDENTIFIER = "com.eynaliyev.Click-CounterTests";
				PRODUCT_NAME = "$(TARGET_NAME)";
				TEST_HOST = "$(BUILT_PRODUCTS_DIR)/Click Counter.app/Click Counter";
			};
			name = Debug;
		};
		6287A0931D0EF01000A63AD1 /* Release */ = {
			isa = XCBuildConfiguration;
			buildSettings = {
				BUNDLE_LOADER = "$(TEST_HOST)";
				INFOPLIST_FILE = "Click CounterTests/Info.plist";
				LD_RUNPATH_SEARCH_PATHS = "$(inherited) @executable_path/Frameworks @loader_path/Frameworks";
				PRODUCT_BUNDLE_IDENTIFIER = "com.eynaliyev.Click-CounterTests";
				PRODUCT_NAME = "$(TARGET_NAME)";
				TEST_HOST = "$(BUILT_PRODUCTS_DIR)/Click Counter.app/Click Counter";
			};
			name = Release;
		};
		6287A0951D0EF01000A63AD1 /* Debug */ = {
			isa = XCBuildConfiguration;
			buildSettings = {
				INFOPLIST_FILE = "Click CounterUITests/Info.plist";
				LD_RUNPATH_SEARCH_PATHS = "$(inherited) @executable_path/Frameworks @loader_path/Frameworks";
				PRODUCT_BUNDLE_IDENTIFIER = "com.eynaliyev.Click-CounterUITests";
				PRODUCT_NAME = "$(TARGET_NAME)";
				TEST_TARGET_NAME = "Click Counter";
				USES_XCTRUNNER = YES;
			};
			name = Debug;
		};
		6287A0961D0EF01000A63AD1 /* Release */ = {
			isa = XCBuildConfiguration;
			buildSettings = {
				INFOPLIST_FILE = "Click CounterUITests/Info.plist";
				LD_RUNPATH_SEARCH_PATHS = "$(inherited) @executable_path/Frameworks @loader_path/Frameworks";
				PRODUCT_BUNDLE_IDENTIFIER = "com.eynaliyev.Click-CounterUITests";
				PRODUCT_NAME = "$(TARGET_NAME)";
				TEST_TARGET_NAME = "Click Counter";
				USES_XCTRUNNER = YES;
			};
			name = Release;
		};
/* End XCBuildConfiguration section */

/* Begin XCConfigurationList section */
		6287A0611D0EF01000A63AD1 /* Build configuration list for PBXProject "Click Counter" */ = {
			isa = XCConfigurationList;
			buildConfigurations = (
				6287A08C1D0EF01000A63AD1 /* Debug */,
				6287A08D1D0EF01000A63AD1 /* Release */,
			);
			defaultConfigurationIsVisible = 0;
			defaultConfigurationName = Release;
		};
		6287A08E1D0EF01000A63AD1 /* Build configuration list for PBXNativeTarget "Click Counter" */ = {
			isa = XCConfigurationList;
			buildConfigurations = (
				6287A08F1D0EF01000A63AD1 /* Debug */,
				6287A0901D0EF01000A63AD1 /* Release */,
			);
			defaultConfigurationIsVisible = 0;
		};
		6287A0911D0EF01000A63AD1 /* Build configuration list for PBXNativeTarget "Click CounterTests" */ = {
			isa = XCConfigurationList;
			buildConfigurations = (
				6287A0921D0EF01000A63AD1 /* Debug */,
				6287A0931D0EF01000A63AD1 /* Release */,
			);
			defaultConfigurationIsVisible = 0;
		};
		6287A0941D0EF01000A63AD1 /* Build configuration list for PBXNativeTarget "Click CounterUITests" */ = {
			isa = XCConfigurationList;
			buildConfigurations = (
				6287A0951D0EF01000A63AD1 /* Debug */,
				6287A0961D0EF01000A63AD1 /* Release */,
			);
			defaultConfigurationIsVisible = 0;
		};
/* End XCConfigurationList section */
	};
	rootObject = 6287A05E1D0EF01000A63AD1 /* Project object */;
}
